%{"earmark": {:hex, :earmark, "0.2.1"},
  "edown": {:git, "git://github.com/uwiger/edown.git", "d864427506cd93a00712b7c3b9a89d793e7e1600", [tag: "0.7"]},
  "ex_doc": {:hex, :ex_doc, "0.11.4"},
  "ex_unit_fixtures": {:hex, :ex_unit_fixtures, "0.3.1"},
  "exometer_core": {:git, "https://github.com/PSPDFKit-labs/exometer_core.git", "ccc18cf0328692756fd9b837a88823cf979da8e1", []},
  "goldrush": {:git, "git://github.com/DeadZen/goldrush.git", "71e63212f12c25827e0c1b4198d37d5d018a7fec", [tag: "0.1.6"]},
  "lager": {:git, "git://github.com/basho/lager.git", "b6b6cebcb27ccff8acc59ae775acebc2f52e4926", [tag: "2.0.3"]},
  "parse_trans": {:git, "git://github.com/uwiger/parse_trans.git", "82cc00264aa1bad8fc5c0739b7541feb4a843432", [tag: "2.9"]},
  "poison": {:hex, :poison, "2.0.1"},
  "setup": {:git, "git://github.com/uwiger/setup.git", "51ee7c9f64d2bbe9dcbb58c278e8fbfd4d0ca5e2", [tag: "1.4"]}}
